{
  "originHash" : "f83cad80c93a3f4d43b01458a5ea18afad39ea017238032afa167573ede2deb4",
  "pins" : [
    {
      "identity" : "capacitor-swift-pm",
      "kind" : "remoteSourceControl",
      "location" : "https://github.com/ionic-team/capacitor-swift-pm.git",
      "state" : {
        "revision" : "6afa7424fd2fcd8ca1e577478e8a00af284b7e82",
        "version" : "8.5.1"
      }
    },
    {
      "identity" : "stripe-ios-spm",
      "kind" : "remoteSourceControl",
      "location" : "https://github.com/stripe/stripe-ios-spm.git",
      "state" : {
        "revision" : "1e26d594ede1fdf49c9904be690d4715fb37821f",
        "version" : "26.6.0"
      }
    }
  ],
  "version" : 3
}
