PODS:
  - Capacitor (5.0.0):
    - CapacitorCordova
  - CapacitorCommunityStripe (5.4.3):
    - Capacitor
    - StripeApplePay (~> 23.23.0)
    - StripePaymentSheet (~> 23.23.0)
  - CapacitorCommunityStripeIdentity (5.4.3):
    - Capacitor
    - StripeIdentity (~> 23.23.0)
  - CapacitorCordova (5.0.0)
  - StripeApplePay (23.23.0):
    - StripeCore (= 23.23.0)
  - StripeCameraCore (23.23.0):
    - StripeCore (= 23.23.0)
  - StripeCore (23.23.0)
  - StripeIdentity (23.23.0):
    - StripeCameraCore (= 23.23.0)
    - StripeCore (= 23.23.0)
    - StripeUICore (= 23.23.0)
  - StripePayments (23.23.0):
    - StripeCore (= 23.23.0)
    - StripePayments/Stripe3DS2 (= 23.23.0)
  - StripePayments/Stripe3DS2 (23.23.0):
    - StripeCore (= 23.23.0)
  - StripePaymentSheet (23.23.0):
    - StripeApplePay (= 23.23.0)
    - StripeCore (= 23.23.0)
    - StripePayments (= 23.23.0)
    - StripePaymentsUI (= 23.23.0)
  - StripePaymentsUI (23.23.0):
    - StripeCore (= 23.23.0)
    - StripePayments (= 23.23.0)
    - StripeUICore (= 23.23.0)
  - StripeUICore (23.23.0):
    - StripeCore (= 23.23.0)

DEPENDENCIES:
  - "Capacitor (from `../../node_modules/@capacitor/ios`)"
  - CapacitorCommunityStripe (from `../../../../packages/payment`)
  - CapacitorCommunityStripeIdentity (from `../../../../packages/identity`)
  - "CapacitorCordova (from `../../node_modules/@capacitor/ios`)"

SPEC REPOS:
  trunk:
    - StripeApplePay
    - StripeCameraCore
    - StripeCore
    - StripeIdentity
    - StripePayments
    - StripePaymentSheet
    - StripePaymentsUI
    - StripeUICore

EXTERNAL SOURCES:
  Capacitor:
    :path: "../../node_modules/@capacitor/ios"
  CapacitorCommunityStripe:
    :path: "../../../../packages/payment"
  CapacitorCommunityStripeIdentity:
    :path: "../../../../packages/identity"
  CapacitorCordova:
    :path: "../../node_modules/@capacitor/ios"

SPEC CHECKSUMS:
  Capacitor: b332cb737d447561e854039fb72195206685dce2
  CapacitorCommunityStripe: 20f7e29799a5b2a35f54e9ae229ba47961957a10
  CapacitorCommunityStripeIdentity: e23b53fcb003223c6c17bd1d5f398cd317e066c8
  CapacitorCordova: 4ea17670ee562680988a7ce9db68dee5160fe564
  StripeApplePay: dc5c1ff53862cd4facac23329d8755e8193e0e01
  StripeCameraCore: a176389efcd873a9f0f49bc54731d023e28ee2d6
  StripeCore: 597cebf21008291360e68d8480be0b668ae63e73
  StripeIdentity: 29478e862c535d9e87426dc1d3f1802643218dea
  StripePayments: 4271ec12eb1530336b8b6c1ae96483c9c4def931
  StripePaymentSheet: f213e149b1ec43b8ab84bbb5b29a7df0152601ad
  StripePaymentsUI: 5fd5a2f69e604e8b7352d4c0a51f25a81012cfba
  StripeUICore: cbe12b4d0602666986e9699322b4b09e07eeb4da

PODFILE CHECKSUM: e631e98a4179b91c569cf7262a36fbf149b734b6

COCOAPODS: 1.13.0
