{
  "originHash" : "87e181fb6509eb87942a59402a640ac1f01172d601c922de34a8cea6131575d5",
  "pins" : [
    {
      "identity" : "capacitor-swift-pm",
      "kind" : "remoteSourceControl",
      "location" : "https://github.com/ionic-team/capacitor-swift-pm.git",
      "state" : {
        "revision" : "6afa7424fd2fcd8ca1e577478e8a00af284b7e82",
        "version" : "8.5.1"
      }
    },
    {
      "identity" : "stripe-ios-spm",
      "kind" : "remoteSourceControl",
      "location" : "https://github.com/stripe/stripe-ios-spm.git",
      "state" : {
        "revision" : "db9ec52a0579b42763038f2396de7669f3d363e7",
        "version" : "26.12.1"
      }
    },
    {
      "identity" : "stripe-terminal-ios",
      "kind" : "remoteSourceControl",
      "location" : "https://github.com/stripe/stripe-terminal-ios.git",
      "state" : {
        "revision" : "c027d6dc2258c774412cb7933cbb959488c16b63",
        "version" : "5.8.0"
      }
    }
  ],
  "version" : 3
}
