{
  "originHash" : "87e181fb6509eb87942a59402a640ac1f01172d601c922de34a8cea6131575d5",
  "pins" : [
    {
      "identity" : "capacitor-swift-pm",
      "kind" : "remoteSourceControl",
      "location" : "https://github.com/ionic-team/capacitor-swift-pm.git",
      "state" : {
        "revision" : "596259033e94829dffc552a40e7129262122995e",
        "version" : "8.0.0"
      }
    },
    {
      "identity" : "stripe-ios-spm",
      "kind" : "remoteSourceControl",
      "location" : "https://github.com/stripe/stripe-ios-spm.git",
      "state" : {
        "revision" : "bf87cb248c4a8bd5176acbf9e10e50a010977ac1",
        "version" : "25.9.0"
      }
    },
    {
      "identity" : "stripe-terminal-ios",
      "kind" : "remoteSourceControl",
      "location" : "https://github.com/stripe/stripe-terminal-ios.git",
      "state" : {
        "revision" : "49c94bcb8f62eca89578938b7d399eb6ad13ebe7",
        "version" : "5.3.0"
      }
    }
  ],
  "version" : 3
}
