PODS:
  - Capacitor (7.0.1):
    - CapacitorCordova
  - CapacitorCommunityStripe (7.0.0):
    - Capacitor
    - StripeApplePay (~> 24.1.0)
    - StripePaymentSheet (~> 24.1.0)
  - CapacitorCommunityStripeIdentity (7.0.0):
    - Capacitor
    - StripeIdentity (~> 24.1.0)
  - CapacitorCommunityStripeTerminal (7.0.0):
    - Capacitor
    - StripeTerminal (~> 4.1.0)
  - CapacitorCordova (7.0.1)
  - StripeApplePay (24.1.1):
    - StripeCore (= 24.1.1)
  - StripeCameraCore (24.1.1):
    - StripeCore (= 24.1.1)
  - StripeCore (24.1.1)
  - StripeIdentity (24.1.1):
    - StripeCameraCore (= 24.1.1)
    - StripeCore (= 24.1.1)
    - StripeUICore (= 24.1.1)
  - StripePayments (24.1.1):
    - StripeCore (= 24.1.1)
    - StripePayments/Stripe3DS2 (= 24.1.1)
  - StripePayments/Stripe3DS2 (24.1.1):
    - StripeCore (= 24.1.1)
  - StripePaymentSheet (24.1.1):
    - StripeApplePay (= 24.1.1)
    - StripeCore (= 24.1.1)
    - StripePayments (= 24.1.1)
    - StripePaymentsUI (= 24.1.1)
  - StripePaymentsUI (24.1.1):
    - StripeCore (= 24.1.1)
    - StripePayments (= 24.1.1)
    - StripeUICore (= 24.1.1)
  - StripeTerminal (4.1.0)
  - StripeUICore (24.1.1):
    - StripeCore (= 24.1.1)

DEPENDENCIES:
  - "Capacitor (from `../../node_modules/@capacitor/ios`)"
  - CapacitorCommunityStripe (from `../../../../packages/payment`)
  - CapacitorCommunityStripeIdentity (from `../../../../packages/identity`)
  - CapacitorCommunityStripeTerminal (from `../../../../packages/terminal`)
  - "CapacitorCordova (from `../../node_modules/@capacitor/ios`)"

SPEC REPOS:
  trunk:
    - StripeApplePay
    - StripeCameraCore
    - StripeCore
    - StripeIdentity
    - StripePayments
    - StripePaymentSheet
    - StripePaymentsUI
    - StripeTerminal
    - StripeUICore

EXTERNAL SOURCES:
  Capacitor:
    :path: "../../node_modules/@capacitor/ios"
  CapacitorCommunityStripe:
    :path: "../../../../packages/payment"
  CapacitorCommunityStripeIdentity:
    :path: "../../../../packages/identity"
  CapacitorCommunityStripeTerminal:
    :path: "../../../../packages/terminal"
  CapacitorCordova:
    :path: "../../node_modules/@capacitor/ios"

SPEC CHECKSUMS:
  Capacitor: 23fff43571a4d1e3ee7d67b5a3588c6e757c2913
  CapacitorCommunityStripe: 0798499b31c9e31c6d930480aa17bbb2f355333a
  CapacitorCommunityStripeIdentity: 5afd2961d32647eb93ac72ff5ca08acf68366cc4
  CapacitorCommunityStripeTerminal: 1a8011d74fcef14c27e04f143aa530bb32fc3848
  CapacitorCordova: 63d476958d5022d76f197031e8b7ea3519988c64
  StripeApplePay: 3aa55daa307c3f55b885e24a13380e87cc7c8c87
  StripeCameraCore: fa88de9e322fdf0bdce755573e70bc99613eef84
  StripeCore: 00ade3c22bff1aa803a32c36805ccde8315f57ca
  StripeIdentity: fa163cbf51dc6d80f3e94ef827d3c4fa129255b8
  StripePayments: 85a01f84f02ebeb76f179cedc73572d0ace6ecec
  StripePaymentSheet: 554aa88117cd837022d611d18cf9fe28c51af22d
  StripePaymentsUI: 99c13ac3b2e3c144a0735622523bb8e2b18f5e72
  StripeTerminal: e393c25fd8262bd99986785f7ecc91625755d65f
  StripeUICore: ac2717acff888b07d32fba5f1a103d360b1074af

PODFILE CHECKSUM: c75ca255b97ee461832b20e6cdf6d1da533d4019

COCOAPODS: 1.15.2
