PODS:
  - Capacitor (6.1.2):
    - CapacitorCordova
  - CapacitorCommunityStripe (6.2.1):
    - Capacitor
    - StripeApplePay (~> 23.32.0)
    - StripePaymentSheet (~> 23.32.0)
  - CapacitorCommunityStripeIdentity (6.2.1):
    - Capacitor
    - StripeIdentity (~> 23.32.0)
  - CapacitorCommunityStripeTerminal (6.2.1):
    - Capacitor
    - StripeTerminal (~> 4.0.0)
  - CapacitorCordova (6.1.2)
  - StripeApplePay (23.32.0):
    - StripeCore (= 23.32.0)
  - StripeCameraCore (23.32.0):
    - StripeCore (= 23.32.0)
  - StripeCore (23.32.0)
  - StripeIdentity (23.32.0):
    - StripeCameraCore (= 23.32.0)
    - StripeCore (= 23.32.0)
    - StripeUICore (= 23.32.0)
  - StripePayments (23.32.0):
    - StripeCore (= 23.32.0)
    - StripePayments/Stripe3DS2 (= 23.32.0)
  - StripePayments/Stripe3DS2 (23.32.0):
    - StripeCore (= 23.32.0)
  - StripePaymentSheet (23.32.0):
    - StripeApplePay (= 23.32.0)
    - StripeCore (= 23.32.0)
    - StripePayments (= 23.32.0)
    - StripePaymentsUI (= 23.32.0)
  - StripePaymentsUI (23.32.0):
    - StripeCore (= 23.32.0)
    - StripePayments (= 23.32.0)
    - StripeUICore (= 23.32.0)
  - StripeTerminal (4.0.0)
  - StripeUICore (23.32.0):
    - StripeCore (= 23.32.0)

DEPENDENCIES:
  - "Capacitor (from `../../node_modules/@capacitor/ios`)"
  - CapacitorCommunityStripe (from `../../../../packages/payment`)
  - CapacitorCommunityStripeIdentity (from `../../../../packages/identity`)
  - CapacitorCommunityStripeTerminal (from `../../../../packages/terminal`)
  - "CapacitorCordova (from `../../node_modules/@capacitor/ios`)"

SPEC REPOS:
  trunk:
    - StripeApplePay
    - StripeCameraCore
    - StripeCore
    - StripeIdentity
    - StripePayments
    - StripePaymentSheet
    - StripePaymentsUI
    - StripeTerminal
    - StripeUICore

EXTERNAL SOURCES:
  Capacitor:
    :path: "../../node_modules/@capacitor/ios"
  CapacitorCommunityStripe:
    :path: "../../../../packages/payment"
  CapacitorCommunityStripeIdentity:
    :path: "../../../../packages/identity"
  CapacitorCommunityStripeTerminal:
    :path: "../../../../packages/terminal"
  CapacitorCordova:
    :path: "../../node_modules/@capacitor/ios"

SPEC CHECKSUMS:
  Capacitor: 679f9673fdf30597493a6362a5d5bf233d46abc2
  CapacitorCommunityStripe: 278d037566b213a2faafe55005bc00e28967998f
  CapacitorCommunityStripeIdentity: 5478f655a09293240507a65668b5992ce985991a
  CapacitorCommunityStripeTerminal: 6d1bf34a320815231b1fd74c3c6a6a7c4f46ba8f
  CapacitorCordova: f48c89f96c319101cd2f0ce8a2b7449b5fb8b3dd
  StripeApplePay: fd4aeaa8af1ebbfe5e38390ef7b4607f66494f80
  StripeCameraCore: 2f226573bc1a84deba61ded08e2d3f49b0bd5a7d
  StripeCore: 4999b0c234127b28b9e656caa558ba4406ce58b3
  StripeIdentity: 92c91321346fdda5033fcac8ec48b9edab2753c9
  StripePayments: a1260c9fecdb8640462c1fe70c4e2e17df2ab3a8
  StripePaymentSheet: 155d402ee01447002d23c982e905ce06e6d7ef66
  StripePaymentsUI: 2084d4398cb4869b13dd9eac43a00481476b152f
  StripeTerminal: b8a0f7bc10534eb060f676c9b3b813b2613a137b
  StripeUICore: 2c115cc8498f3badc19b4a41b3b1fdac0ae21d41

PODFILE CHECKSUM: c75ca255b97ee461832b20e6cdf6d1da533d4019

COCOAPODS: 1.15.2
