PODS:
  - Capacitor (8.0.0):
    - CapacitorCordova
  - CapacitorCommunityStripe (8.0.0):
    - Capacitor
    - StripeApplePay (~> 25.1.0)
    - StripePaymentSheet (~> 25.1.0)
  - CapacitorCommunityStripeIdentity (8.0.0):
    - Capacitor
    - StripeIdentity (~> 25.1.0)
  - CapacitorCommunityStripeTerminal (8.0.0):
    - Capacitor
    - StripeTerminal (= 4.7.3)
  - CapacitorCordova (8.0.0)
  - StripeApplePay (25.1.1):
    - StripeCore (= 25.1.1)
  - StripeCameraCore (25.1.1):
    - StripeCore (= 25.1.1)
  - StripeCore (25.1.1)
  - StripeIdentity (25.1.1):
    - StripeCameraCore (= 25.1.1)
    - StripeCore (= 25.1.1)
    - StripeUICore (= 25.1.1)
  - StripePayments (25.1.1):
    - StripeCore (= 25.1.1)
    - StripePayments/Stripe3DS2 (= 25.1.1)
  - StripePayments/Stripe3DS2 (25.1.1):
    - StripeCore (= 25.1.1)
  - StripePaymentSheet (25.1.1):
    - StripeApplePay (= 25.1.1)
    - StripeCore (= 25.1.1)
    - StripePayments (= 25.1.1)
    - StripePaymentsUI (= 25.1.1)
  - StripePaymentsUI (25.1.1):
    - StripeCore (= 25.1.1)
    - StripePayments (= 25.1.1)
    - StripeUICore (= 25.1.1)
  - StripeTerminal (4.7.3)
  - StripeUICore (25.1.1):
    - StripeCore (= 25.1.1)

DEPENDENCIES:
  - "Capacitor (from `../../node_modules/@capacitor/ios`)"
  - CapacitorCommunityStripe (from `../../../../packages/payment`)
  - CapacitorCommunityStripeIdentity (from `../../../../packages/identity`)
  - CapacitorCommunityStripeTerminal (from `../../../../packages/terminal`)
  - "CapacitorCordova (from `../../node_modules/@capacitor/ios`)"

SPEC REPOS:
  trunk:
    - StripeApplePay
    - StripeCameraCore
    - StripeCore
    - StripeIdentity
    - StripePayments
    - StripePaymentSheet
    - StripePaymentsUI
    - StripeTerminal
    - StripeUICore

EXTERNAL SOURCES:
  Capacitor:
    :path: "../../node_modules/@capacitor/ios"
  CapacitorCommunityStripe:
    :path: "../../../../packages/payment"
  CapacitorCommunityStripeIdentity:
    :path: "../../../../packages/identity"
  CapacitorCommunityStripeTerminal:
    :path: "../../../../packages/terminal"
  CapacitorCordova:
    :path: "../../node_modules/@capacitor/ios"

SPEC CHECKSUMS:
  Capacitor: 341ff7cf652ec695d1a8ebf604db448ac7b6d635
  CapacitorCommunityStripe: 1ceab53ae1225cd985fab575eac6931be9643614
  CapacitorCommunityStripeIdentity: 520f795fe558bc439d8b39ff9559466f1ff84846
  CapacitorCommunityStripeTerminal: cebf86072bc1f93d5fbca55818bdc3e39fe5832c
  CapacitorCordova: 5dc3912d25ef770a3fe0f431bb65c9fbfa2e92f9
  StripeApplePay: 4428e5826335017151eeff87e9d36f6688eaa593
  StripeCameraCore: 3855662b0bb4c01186ee90e1d1c0bbe78e29dce9
  StripeCore: 76440c9bf61bd84149014414ced3470b8d94eb8e
  StripeIdentity: f32cd5bdd56eacc7070ac9ea8e93070e7410f358
  StripePayments: ace6def8949ed33434a5db2f8fdd184388636be5
  StripePaymentSheet: ec3dadf54b470250a40b3c5f7164641a0f1063c3
  StripePaymentsUI: 702926af8eae0901821907014ab90c72fc3eabab
  StripeTerminal: b9e92913da8a08ff5c62af75056ad39bf8b02ac6
  StripeUICore: c3de64fb6ab7ef376128e862f6bc6817e0a964e9

PODFILE CHECKSUM: 4d7ec376ccecaff558058129ab933ca30f302b19

COCOAPODS: 1.16.2
